github.com/adamluzsi/frameless v0.73.0 h1:Y1HxcoejkDYf1RG1rWRhUYLOq93e5+6DAWzWPyxuRzA=
github.com/adamluzsi/frameless v0.73.0/go.mod h1:a+VcNvYhuCb7Pi0hu88l3Iqicj/77T0lQk1j4bJ54Kg=
github.com/adamluzsi/frameless v0.74.0 h1:RNlZ8AggJZnIGQ7OzuoglDS9yZJLcSASjk8wtELdZEY=
github.com/adamluzsi/frameless v0.74.0/go.mod h1:a+VcNvYhuCb7Pi0hu88l3Iqicj/77T0lQk1j4bJ54Kg=
github.com/adamluzsi/testcase v0.108.2 h1:TClr4LsAO5OKIL7woESE7RAKQfanZOLCEI+KFRTrfiA=
github.com/adamluzsi/testcase v0.108.2/go.mod h1:fRO4abguH2jafdgZjlQOblC0zG2wl+JFs65vvBG/SsM=
